
Microsoft Visual Studio Solution File, Format Version 12.00
# Visual Studio Version 16
VisualStudioVersion = 16.0.30011.22
MinimumVisualStudioVersion = 10.0.40219.1
Project("{FAE04EC0-301F-11D3-BF4B-00C04F79EFBC}") = "Program", "src\Program\Program.csproj", "{47D668A9-CF8C-409C-89DA-CA832EDD2FA2}"
EndProject
Project("{FAE04EC0-301F-11D3-BF4B-00C04F79EFBC}") = "Test", "tests\Test\Test.csproj", "{B6A879AA-A9C5-4C4E-80EC-6E28ADC71EF6}"
EndProject
Global
	GlobalSection(SolutionConfigurationPlatforms) = preSolution
		Debug|Any CPU = Debug|Any CPU
		Release|Any CPU = Release|Any CPU
	EndGlobalSection
	GlobalSection(ProjectConfigurationPlatforms) = postSolution
		{47D668A9-CF8C-409C-89DA-CA832EDD2FA2}.Debug|Any CPU.ActiveCfg = Debug|Any CPU
		{47D668A9-CF8C-409C-89DA-CA832EDD2FA2}.Debug|Any CPU.Build.0 = Debug|Any CPU
		{47D668A9-CF8C-409C-89DA-CA832EDD2FA2}.Release|Any CPU.ActiveCfg = Release|Any CPU
		{47D668A9-CF8C-409C-89DA-CA832EDD2FA2}.Release|Any CPU.Build.0 = Release|Any CPU
		{B6A879AA-A9C5-4C4E-80EC-6E28ADC71EF6}.Debug|Any CPU.ActiveCfg = Debug|Any CPU
		{B6A879AA-A9C5-4C4E-80EC-6E28ADC71EF6}.Debug|Any CPU.Build.0 = Debug|Any CPU
		{B6A879AA-A9C5-4C4E-80EC-6E28ADC71EF6}.Release|Any CPU.ActiveCfg = Release|Any CPU
		{B6A879AA-A9C5-4C4E-80EC-6E28ADC71EF6}.Release|Any CPU.Build.0 = Release|Any CPU
	EndGlobalSection
	GlobalSection(SolutionProperties) = preSolution
		HideSolutionNode = FALSE
	EndGlobalSection
	GlobalSection(ExtensibilityGlobals) = postSolution
		SolutionGuid = {535C2A76-8807-4146-A32B-DCAC50460817}
	EndGlobalSection
EndGlobal
